
Microsoft Visual Studio Solution File, Format Version 12.00
# Visual Studio Version 17
VisualStudioVersion = 17.4.33213.308
MinimumVisualStudioVersion = 10.0.40219.1
Project("{FAE04EC0-301F-11D3-BF4B-00C04F79EFBC}") = "AnimalInheritance", "AnimalInheritance\AnimalInheritance.csproj", "{A7EA26BB-BDDE-4DFA-9286-84B788837A5F}"
EndProject
Global
	GlobalSection(SolutionConfigurationPlatforms) = preSolution
		Debug|Any CPU = Debug|Any CPU
		Release|Any CPU = Release|Any CPU
	EndGlobalSection
	GlobalSection(ProjectConfigurationPlatforms) = postSolution
		{A7EA26BB-BDDE-4DFA-9286-84B788837A5F}.Debug|Any CPU.ActiveCfg = Debug|Any CPU
		{A7EA26BB-BDDE-4DFA-9286-84B788837A5F}.Debug|Any CPU.Build.0 = Debug|Any CPU
		{A7EA26BB-BDDE-4DFA-9286-84B788837A5F}.Release|Any CPU.ActiveCfg = Release|Any CPU
		{A7EA26BB-BDDE-4DFA-9286-84B788837A5F}.Release|Any CPU.Build.0 = Release|Any CPU
	EndGlobalSection
	GlobalSection(SolutionProperties) = preSolution
		HideSolutionNode = FALSE
	EndGlobalSection
	GlobalSection(ExtensibilityGlobals) = postSolution
		SolutionGuid = {4F59E086-2AD0-4D6B-B50D-5B65B1ADEC7E}
	EndGlobalSection
EndGlobal
